
Microsoft Visual Studio Solution File, Format Version 12.00
# Visual Studio 15
VisualStudioVersion = 15.0.26124.0
MinimumVisualStudioVersion = 15.0.26124.0
Project("{FAE04EC0-301F-11D3-BF4B-00C04F79EFBC}") = "PrimeService", "PrimeService\PrimeService.csproj", "{3021862F-0F8D-4D7A-9E7A-19EC6D6F11BD}"
EndProject
Project("{FAE04EC0-301F-11D3-BF4B-00C04F79EFBC}") = "PrimeService.Tests", "PrimeService.Tests\PrimeService.Tests.csproj", "{1D76C8DB-BFE1-4DE0-9ED7-7E4F778B0F61}"
EndProject
Global
	GlobalSection(SolutionConfigurationPlatforms) = preSolution
		Debug|Any CPU = Debug|Any CPU
		Debug|x64 = Debug|x64
		Debug|x86 = Debug|x86
		Release|Any CPU = Release|Any CPU
		Release|x64 = Release|x64
		Release|x86 = Release|x86
	EndGlobalSection
	GlobalSection(SolutionProperties) = preSolution
		HideSolutionNode = FALSE
	EndGlobalSection
	GlobalSection(ProjectConfigurationPlatforms) = postSolution
		{3021862F-0F8D-4D7A-9E7A-19EC6D6F11BD}.Debug|Any CPU.ActiveCfg = Debug|Any CPU
		{3021862F-0F8D-4D7A-9E7A-19EC6D6F11BD}.Debug|Any CPU.Build.0 = Debug|Any CPU
		{3021862F-0F8D-4D7A-9E7A-19EC6D6F11BD}.Debug|x64.ActiveCfg = Debug|Any CPU
		{3021862F-0F8D-4D7A-9E7A-19EC6D6F11BD}.Debug|x64.Build.0 = Debug|Any CPU
		{3021862F-0F8D-4D7A-9E7A-19EC6D6F11BD}.Debug|x86.ActiveCfg = Debug|Any CPU
		{3021862F-0F8D-4D7A-9E7A-19EC6D6F11BD}.Debug|x86.Build.0 = Debug|Any CPU
		{3021862F-0F8D-4D7A-9E7A-19EC6D6F11BD}.Release|Any CPU.ActiveCfg = Release|Any CPU
		{3021862F-0F8D-4D7A-9E7A-19EC6D6F11BD}.Release|Any CPU.Build.0 = Release|Any CPU
		{3021862F-0F8D-4D7A-9E7A-19EC6D6F11BD}.Release|x64.ActiveCfg = Release|Any CPU
		{3021862F-0F8D-4D7A-9E7A-19EC6D6F11BD}.Release|x64.Build.0 = Release|Any CPU
		{3021862F-0F8D-4D7A-9E7A-19EC6D6F11BD}.Release|x86.ActiveCfg = Release|Any CPU
		{3021862F-0F8D-4D7A-9E7A-19EC6D6F11BD}.Release|x86.Build.0 = Release|Any CPU
		{1D76C8DB-BFE1-4DE0-9ED7-7E4F778B0F61}.Debug|Any CPU.ActiveCfg = Debug|Any CPU
		{1D76C8DB-BFE1-4DE0-9ED7-7E4F778B0F61}.Debug|Any CPU.Build.0 = Debug|Any CPU
		{1D76C8DB-BFE1-4DE0-9ED7-7E4F778B0F61}.Debug|x64.ActiveCfg = Debug|Any CPU
		{1D76C8DB-BFE1-4DE0-9ED7-7E4F778B0F61}.Debug|x64.Build.0 = Debug|Any CPU
		{1D76C8DB-BFE1-4DE0-9ED7-7E4F778B0F61}.Debug|x86.ActiveCfg = Debug|Any CPU
		{1D76C8DB-BFE1-4DE0-9ED7-7E4F778B0F61}.Debug|x86.Build.0 = Debug|Any CPU
		{1D76C8DB-BFE1-4DE0-9ED7-7E4F778B0F61}.Release|Any CPU.ActiveCfg = Release|Any CPU
		{1D76C8DB-BFE1-4DE0-9ED7-7E4F778B0F61}.Release|Any CPU.Build.0 = Release|Any CPU
		{1D76C8DB-BFE1-4DE0-9ED7-7E4F778B0F61}.Release|x64.ActiveCfg = Release|Any CPU
		{1D76C8DB-BFE1-4DE0-9ED7-7E4F778B0F61}.Release|x64.Build.0 = Release|Any CPU
		{1D76C8DB-BFE1-4DE0-9ED7-7E4F778B0F61}.Release|x86.ActiveCfg = Release|Any CPU
		{1D76C8DB-BFE1-4DE0-9ED7-7E4F778B0F61}.Release|x86.Build.0 = Release|Any CPU
	EndGlobalSection
EndGlobal
